// !$*UTF8*$!
{
	archiveVersion = 1;
	classes = {
	};
	objectVersion = 46;
	objects = {

/* Begin PBXBuildFile section */
		29AB068912F861A90073262E /* FLLogging.h in Headers */ = {isa = PBXBuildFile; fileRef = 29AB068612F861A90073262E /* FLLogging.h */; };
		29AB075412F865A00073262E /* NSStreamAdditions.h in Headers */ = {isa = PBXBuildFile; fileRef = 29AB075212F865A00073262E /* NSStreamAdditions.h */; };
		29AB075512F865A00073262E /* NSStreamAdditions.m in Sources */ = {isa = PBXBuildFile; fileRef = 29AB075312F865A00073262E /* NSStreamAdditions.m */; };
		29AB07E712F876DD0073262E /* CFNetwork.framework in Frameworks */ = {isa = PBXBuildFile; fileRef = 29AB07E612F876DD0073262E /* CFNetwork.framework */; };
		29AB07EB12F877360073262E /* CoreFoundation.framework in Frameworks */ = {isa = PBXBuildFile; fileRef = 29AB07EA12F877360073262E /* CoreFoundation.framework */; };
		29AB081112F879FD0073262E /* CoreLocation.framework in Frameworks */ = {isa = PBXBuildFile; fileRef = 29AB081012F879FD0073262E /* CoreLocation.framework */; };
		4EF9FA1C1834C7200055DF04 /* FLEAController.h in Headers */ = {isa = PBXBuildFile; fileRef = 4EF9F9F91834C7200055DF04 /* FLEAController.h */; };
		4EF9FA1D1834C7200055DF04 /* FLEAController.m in Sources */ = {isa = PBXBuildFile; fileRef = 4EF9F9FA1834C7200055DF04 /* FLEAController.m */; };
		4EF9FA1E1834C7200055DF04 /* FLEAScanTool.h in Headers */ = {isa = PBXBuildFile; fileRef = 4EF9F9FB1834C7200055DF04 /* FLEAScanTool.h */; };
		4EF9FA1F1834C7200055DF04 /* FLEAScanTool.m in Sources */ = {isa = PBXBuildFile; fileRef = 4EF9F9FC1834C7200055DF04 /* FLEAScanTool.m */; };
		4EF9FA201834C7200055DF04 /* GoLink.h in Headers */ = {isa = PBXBuildFile; fileRef = 4EF9F9FE1834C7200055DF04 /* GoLink.h */; };
		4EF9FA211834C7200055DF04 /* GoLink.m in Sources */ = {isa = PBXBuildFile; fileRef = 4EF9F9FF1834C7200055DF04 /* GoLink.m */; };
		4EF9FA221834C7200055DF04 /* GoLinkCommand.h in Headers */ = {isa = PBXBuildFile; fileRef = 4EF9FA001834C7200055DF04 /* GoLinkCommand.h */; };
		4EF9FA231834C7200055DF04 /* GoLinkCommand.m in Sources */ = {isa = PBXBuildFile; fileRef = 4EF9FA011834C7200055DF04 /* GoLinkCommand.m */; };
		4EF9FA241834C7200055DF04 /* GoLinkResponseParser.h in Headers */ = {isa = PBXBuildFile; fileRef = 4EF9FA021834C7200055DF04 /* GoLinkResponseParser.h */; };
		4EF9FA251834C7200055DF04 /* GoLinkResponseParser.m in Sources */ = {isa = PBXBuildFile; fileRef = 4EF9FA031834C7200055DF04 /* GoLinkResponseParser.m */; };
		4EF9FA261834C7200055DF04 /* FLScanTool.h in Headers */ = {isa = PBXBuildFile; fileRef = 4EF9FA051834C7200055DF04 /* FLScanTool.h */; };
		4EF9FA271834C7200055DF04 /* FLScanTool.m in Sources */ = {isa = PBXBuildFile; fileRef = 4EF9FA061834C7200055DF04 /* FLScanTool.m */; };
		4EF9FA281834C7200055DF04 /* FLScanTool_Private.h in Headers */ = {isa = PBXBuildFile; fileRef = 4EF9FA071834C7200055DF04 /* FLScanTool_Private.h */; };
		4EF9FA291834C7200055DF04 /* FLScanToolCommand.h in Headers */ = {isa = PBXBuildFile; fileRef = 4EF9FA081834C7200055DF04 /* FLScanToolCommand.h */; };
		4EF9FA2A1834C7200055DF04 /* FLScanToolCommand.m in Sources */ = {isa = PBXBuildFile; fileRef = 4EF9FA091834C7200055DF04 /* FLScanToolCommand.m */; };
		4EF9FA2B1834C7200055DF04 /* FLScanToolResponse.h in Headers */ = {isa = PBXBuildFile; fileRef = 4EF9FA0A1834C7200055DF04 /* FLScanToolResponse.h */; };
		4EF9FA2C1834C7200055DF04 /* FLScanToolResponse.m in Sources */ = {isa = PBXBuildFile; fileRef = 4EF9FA0B1834C7200055DF04 /* FLScanToolResponse.m */; };
		4EF9FA2D1834C7200055DF04 /* FLScanToolResponseParser.h in Headers */ = {isa = PBXBuildFile; fileRef = 4EF9FA0C1834C7200055DF04 /* FLScanToolResponseParser.h */; };
		4EF9FA2E1834C7200055DF04 /* FLScanToolResponseParser.m in Sources */ = {isa = PBXBuildFile; fileRef = 4EF9FA0D1834C7200055DF04 /* FLScanToolResponseParser.m */; };
		4EF9FA2F1834C7200055DF04 /* FLECUSensor.h in Headers */ = {isa = PBXBuildFile; fileRef = 4EF9FA0F1834C7200055DF04 /* FLECUSensor.h */; };
		4EF9FA301834C7200055DF04 /* FLECUSensor.m in Sources */ = {isa = PBXBuildFile; fileRef = 4EF9FA101834C7200055DF04 /* FLECUSensor.m */; };
		4EF9FA311834C7200055DF04 /* OBD2Sensors.h in Headers */ = {isa = PBXBuildFile; fileRef = 4EF9FA111834C7200055DF04 /* OBD2Sensors.h */; };
		4EF9FA321834C7200055DF04 /* ELM327.h in Headers */ = {isa = PBXBuildFile; fileRef = 4EF9FA141834C7200055DF04 /* ELM327.h */; };
		4EF9FA331834C7200055DF04 /* ELM327.m in Sources */ = {isa = PBXBuildFile; fileRef = 4EF9FA151834C7200055DF04 /* ELM327.m */; };
		4EF9FA341834C7200055DF04 /* ELM327Command.h in Headers */ = {isa = PBXBuildFile; fileRef = 4EF9FA161834C7200055DF04 /* ELM327Command.h */; };
		4EF9FA351834C7200055DF04 /* ELM327Command.m in Sources */ = {isa = PBXBuildFile; fileRef = 4EF9FA171834C7200055DF04 /* ELM327Command.m */; };
		4EF9FA361834C7200055DF04 /* ELM327ResponseParser.h in Headers */ = {isa = PBXBuildFile; fileRef = 4EF9FA181834C7200055DF04 /* ELM327ResponseParser.h */; };
		4EF9FA371834C7200055DF04 /* ELM327ResponseParser.m in Sources */ = {isa = PBXBuildFile; fileRef = 4EF9FA191834C7200055DF04 /* ELM327ResponseParser.m */; };
		4EF9FA381834C7200055DF04 /* FLWifiScanTool.h in Headers */ = {isa = PBXBuildFile; fileRef = 4EF9FA1A1834C7200055DF04 /* FLWifiScanTool.h */; };
		4EF9FA391834C7200055DF04 /* FLWifiScanTool.m in Sources */ = {isa = PBXBuildFile; fileRef = 4EF9FA1B1834C7200055DF04 /* FLWifiScanTool.m */; };
		AA747D9F0F9514B9006C5449 /* OBD2Kit_Prefix.pch in Headers */ = {isa = PBXBuildFile; fileRef = AA747D9E0F9514B9006C5449 /* OBD2Kit_Prefix.pch */; };
		AACBBE4A0F95108600F1A2B1 /* Foundation.framework in Frameworks */ = {isa = PBXBuildFile; fileRef = AACBBE490F95108600F1A2B1 /* Foundation.framework */; };
/* End PBXBuildFile section */

/* Begin PBXFileReference section */
		29AB068612F861A90073262E /* FLLogging.h */ = {isa = PBXFileReference; fileEncoding = 4; lastKnownFileType = sourcecode.c.h; path = FLLogging.h; sourceTree = "<group>"; };
		29AB075212F865A00073262E /* NSStreamAdditions.h */ = {isa = PBXFileReference; fileEncoding = 4; lastKnownFileType = sourcecode.c.h; path = NSStreamAdditions.h; sourceTree = "<group>"; };
		29AB075312F865A00073262E /* NSStreamAdditions.m */ = {isa = PBXFileReference; fileEncoding = 4; lastKnownFileType = sourcecode.c.objc; path = NSStreamAdditions.m; sourceTree = "<group>"; };
		29AB07E612F876DD0073262E /* CFNetwork.framework */ = {isa = PBXFileReference; lastKnownFileType = wrapper.framework; name = CFNetwork.framework; path = System/Library/Frameworks/CFNetwork.framework; sourceTree = SDKROOT; };
		29AB07EA12F877360073262E /* CoreFoundation.framework */ = {isa = PBXFileReference; lastKnownFileType = wrapper.framework; name = CoreFoundation.framework; path = System/Library/Frameworks/CoreFoundation.framework; sourceTree = SDKROOT; };
		29AB081012F879FD0073262E /* CoreLocation.framework */ = {isa = PBXFileReference; lastKnownFileType = wrapper.framework; name = CoreLocation.framework; path = System/Library/Frameworks/CoreLocation.framework; sourceTree = SDKROOT; };
		4EF9F9F91834C7200055DF04 /* FLEAController.h */ = {isa = PBXFileReference; fileEncoding = 4; lastKnownFileType = sourcecode.c.h; path = FLEAController.h; sourceTree = "<group>"; };
		4EF9F9FA1834C7200055DF04 /* FLEAController.m */ = {isa = PBXFileReference; fileEncoding = 4; lastKnownFileType = sourcecode.c.objc; path = FLEAController.m; sourceTree = "<group>"; };
		4EF9F9FB1834C7200055DF04 /* FLEAScanTool.h */ = {isa = PBXFileReference; fileEncoding = 4; lastKnownFileType = sourcecode.c.h; path = FLEAScanTool.h; sourceTree = "<group>"; };
		4EF9F9FC1834C7200055DF04 /* FLEAScanTool.m */ = {isa = PBXFileReference; fileEncoding = 4; lastKnownFileType = sourcecode.c.objc; path = FLEAScanTool.m; sourceTree = "<group>"; };
		4EF9F9FE1834C7200055DF04 /* GoLink.h */ = {isa = PBXFileReference; fileEncoding = 4; lastKnownFileType = sourcecode.c.h; path = GoLink.h; sourceTree = "<group>"; };
		4EF9F9FF1834C7200055DF04 /* GoLink.m */ = {isa = PBXFileReference; fileEncoding = 4; lastKnownFileType = sourcecode.c.objc; path = GoLink.m; sourceTree = "<group>"; };
		4EF9FA001834C7200055DF04 /* GoLinkCommand.h */ = {isa = PBXFileReference; fileEncoding = 4; lastKnownFileType = sourcecode.c.h; path = GoLinkCommand.h; sourceTree = "<group>"; };
		4EF9FA011834C7200055DF04 /* GoLinkCommand.m */ = {isa = PBXFileReference; fileEncoding = 4; lastKnownFileType = sourcecode.c.objc; path = GoLinkCommand.m; sourceTree = "<group>"; };
		4EF9FA021834C7200055DF04 /* GoLinkResponseParser.h */ = {isa = PBXFileReference; fileEncoding = 4; lastKnownFileType = sourcecode.c.h; path = GoLinkResponseParser.h; sourceTree = "<group>"; };
		4EF9FA031834C7200055DF04 /* GoLinkResponseParser.m */ = {isa = PBXFileReference; fileEncoding = 4; lastKnownFileType = sourcecode.c.objc; path = GoLinkResponseParser.m; sourceTree = "<group>"; };
		4EF9FA051834C7200055DF04 /* FLScanTool.h */ = {isa = PBXFileReference; fileEncoding = 4; lastKnownFileType = sourcecode.c.h; path = FLScanTool.h; sourceTree = "<group>"; };
		4EF9FA061834C7200055DF04 /* FLScanTool.m */ = {isa = PBXFileReference; fileEncoding = 4; lastKnownFileType = sourcecode.c.objc; path = FLScanTool.m; sourceTree = "<group>"; };
		4EF9FA071834C7200055DF04 /* FLScanTool_Private.h */ = {isa = PBXFileReference; fileEncoding = 4; lastKnownFileType = sourcecode.c.h; path = FLScanTool_Private.h; sourceTree = "<group>"; };
		4EF9FA081834C7200055DF04 /* FLScanToolCommand.h */ = {isa = PBXFileReference; fileEncoding = 4; lastKnownFileType = sourcecode.c.h; path = FLScanToolCommand.h; sourceTree = "<group>"; };
		4EF9FA091834C7200055DF04 /* FLScanToolCommand.m */ = {isa = PBXFileReference; fileEncoding = 4; lastKnownFileType = sourcecode.c.objc; path = FLScanToolCommand.m; sourceTree = "<group>"; };
		4EF9FA0A1834C7200055DF04 /* FLScanToolResponse.h */ = {isa = PBXFileReference; fileEncoding = 4; lastKnownFileType = sourcecode.c.h; path = FLScanToolResponse.h; sourceTree = "<group>"; };
		4EF9FA0B1834C7200055DF04 /* FLScanToolResponse.m */ = {isa = PBXFileReference; fileEncoding = 4; lastKnownFileType = sourcecode.c.objc; path = FLScanToolResponse.m; sourceTree = "<group>"; };
		4EF9FA0C1834C7200055DF04 /* FLScanToolResponseParser.h */ = {isa = PBXFileReference; fileEncoding = 4; lastKnownFileType = sourcecode.c.h; path = FLScanToolResponseParser.h; sourceTree = "<group>"; };
		4EF9FA0D1834C7200055DF04 /* FLScanToolResponseParser.m */ = {isa = PBXFileReference; fileEncoding = 4; lastKnownFileType = sourcecode.c.objc; path = FLScanToolResponseParser.m; sourceTree = "<group>"; };
		4EF9FA0F1834C7200055DF04 /* FLECUSensor.h */ = {isa = PBXFileReference; fileEncoding = 4; lastKnownFileType = sourcecode.c.h; path = FLECUSensor.h; sourceTree = "<group>"; };
		4EF9FA101834C7200055DF04 /* FLECUSensor.m */ = {isa = PBXFileReference; fileEncoding = 4; lastKnownFileType = sourcecode.c.objc; path = FLECUSensor.m; sourceTree = "<group>"; };
		4EF9FA111834C7200055DF04 /* OBD2Sensors.h */ = {isa = PBXFileReference; fileEncoding = 4; lastKnownFileType = sourcecode.c.h; path = OBD2Sensors.h; sourceTree = "<group>"; };
		4EF9FA141834C7200055DF04 /* ELM327.h */ = {isa = PBXFileReference; fileEncoding = 4; lastKnownFileType = sourcecode.c.h; path = ELM327.h; sourceTree = "<group>"; };
		4EF9FA151834C7200055DF04 /* ELM327.m */ = {isa = PBXFileReference; fileEncoding = 4; lastKnownFileType = sourcecode.c.objc; path = ELM327.m; sourceTree = "<group>"; };
		4EF9FA161834C7200055DF04 /* ELM327Command.h */ = {isa = PBXFileReference; fileEncoding = 4; lastKnownFileType = sourcecode.c.h; path = ELM327Command.h; sourceTree = "<group>"; };
		4EF9FA171834C7200055DF04 /* ELM327Command.m */ = {isa = PBXFileReference; fileEncoding = 4; lastKnownFileType = sourcecode.c.objc; path = ELM327Command.m; sourceTree = "<group>"; };
		4EF9FA181834C7200055DF04 /* ELM327ResponseParser.h */ = {isa = PBXFileReference; fileEncoding = 4; lastKnownFileType = sourcecode.c.h; path = ELM327ResponseParser.h; sourceTree = "<group>"; };
		4EF9FA191834C7200055DF04 /* ELM327ResponseParser.m */ = {isa = PBXFileReference; fileEncoding = 4; lastKnownFileType = sourcecode.c.objc; path = ELM327ResponseParser.m; sourceTree = "<group>"; };
		4EF9FA1A1834C7200055DF04 /* FLWifiScanTool.h */ = {isa = PBXFileReference; fileEncoding = 4; lastKnownFileType = sourcecode.c.h; path = FLWifiScanTool.h; sourceTree = "<group>"; };
		4EF9FA1B1834C7200055DF04 /* FLWifiScanTool.m */ = {isa = PBXFileReference; fileEncoding = 4; lastKnownFileType = sourcecode.c.objc; path = FLWifiScanTool.m; sourceTree = "<group>"; };
		AA747D9E0F9514B9006C5449 /* OBD2Kit_Prefix.pch */ = {isa = PBXFileReference; fileEncoding = 4; lastKnownFileType = sourcecode.c.h; path = OBD2Kit_Prefix.pch; sourceTree = SOURCE_ROOT; };
		AACBBE490F95108600F1A2B1 /* Foundation.framework */ = {isa = PBXFileReference; lastKnownFileType = wrapper.framework; name = Foundation.framework; path = System/Library/Frameworks/Foundation.framework; sourceTree = SDKROOT; };
		D2AAC07E0554694100DB518D /* libOBD2Kit.a */ = {isa = PBXFileReference; explicitFileType = archive.ar; includeInIndex = 0; path = libOBD2Kit.a; sourceTree = BUILT_PRODUCTS_DIR; };
/* End PBXFileReference section */

/* Begin PBXFrameworksBuildPhase section */
		D2AAC07C0554694100DB518D /* Frameworks */ = {
			isa = PBXFrameworksBuildPhase;
			buildActionMask = 2147483647;
			files = (
				AACBBE4A0F95108600F1A2B1 /* Foundation.framework in Frameworks */,
				29AB07E712F876DD0073262E /* CFNetwork.framework in Frameworks */,
				29AB07EB12F877360073262E /* CoreFoundation.framework in Frameworks */,
				29AB081112F879FD0073262E /* CoreLocation.framework in Frameworks */,
			);
			runOnlyForDeploymentPostprocessing = 0;
		};
/* End PBXFrameworksBuildPhase section */

/* Begin PBXGroup section */
		034768DFFF38A50411DB9C8B /* Products */ = {
			isa = PBXGroup;
			children = (
				D2AAC07E0554694100DB518D /* libOBD2Kit.a */,
			);
			name = Products;
			sourceTree = "<group>";
		};
		0867D691FE84028FC02AAC07 /* OBD2Kit */ = {
			isa = PBXGroup;
			children = (
				4EF9F9F81834C7200055DF04 /* GoLink serial support */,
				4EF9FA041834C7200055DF04 /* Scan tool */,
				4EF9FA0E1834C7200055DF04 /* Sensor */,
				4EF9FA121834C7200055DF04 /* WiFi scan tool */,
				29AB068312F861A90073262E /* Utils */,
				08FB77AEFE84172EC02AAC07 /* Classes */,
				32C88DFF0371C24200C91783 /* Other Sources */,
				0867D69AFE84028FC02AAC07 /* Frameworks */,
				034768DFFF38A50411DB9C8B /* Products */,
			);
			name = OBD2Kit;
			sourceTree = "<group>";
		};
		0867D69AFE84028FC02AAC07 /* Frameworks */ = {
			isa = PBXGroup;
			children = (
				AACBBE490F95108600F1A2B1 /* Foundation.framework */,
				29AB07E612F876DD0073262E /* CFNetwork.framework */,
				29AB07EA12F877360073262E /* CoreFoundation.framework */,
				29AB081012F879FD0073262E /* CoreLocation.framework */,
			);
			name = Frameworks;
			sourceTree = "<group>";
		};
		08FB77AEFE84172EC02AAC07 /* Classes */ = {
			isa = PBXGroup;
			children = (
			);
			name = Classes;
			sourceTree = "<group>";
		};
		29AB068312F861A90073262E /* Utils */ = {
			isa = PBXGroup;
			children = (
				29AB068612F861A90073262E /* FLLogging.h */,
				29AB075212F865A00073262E /* NSStreamAdditions.h */,
				29AB075312F865A00073262E /* NSStreamAdditions.m */,
			);
			name = Utils;
			path = Classes/Utils;
			sourceTree = "<group>";
		};
		32C88DFF0371C24200C91783 /* Other Sources */ = {
			isa = PBXGroup;
			children = (
				AA747D9E0F9514B9006C5449 /* OBD2Kit_Prefix.pch */,
			);
			name = "Other Sources";
			sourceTree = "<group>";
		};
		4EF9F9F81834C7200055DF04 /* GoLink serial support */ = {
			isa = PBXGroup;
			children = (
				4EF9F9F91834C7200055DF04 /* FLEAController.h */,
				4EF9F9FA1834C7200055DF04 /* FLEAController.m */,
				4EF9F9FB1834C7200055DF04 /* FLEAScanTool.h */,
				4EF9F9FC1834C7200055DF04 /* FLEAScanTool.m */,
				4EF9F9FD1834C7200055DF04 /* gl1 */,
			);
			name = "GoLink serial support";
			path = "Classes/GoLink serial support";
			sourceTree = "<group>";
		};
		4EF9F9FD1834C7200055DF04 /* gl1 */ = {
			isa = PBXGroup;
			children = (
				4EF9F9FE1834C7200055DF04 /* GoLink.h */,
				4EF9F9FF1834C7200055DF04 /* GoLink.m */,
				4EF9FA001834C7200055DF04 /* GoLinkCommand.h */,
				4EF9FA011834C7200055DF04 /* GoLinkCommand.m */,
				4EF9FA021834C7200055DF04 /* GoLinkResponseParser.h */,
				4EF9FA031834C7200055DF04 /* GoLinkResponseParser.m */,
			);
			path = gl1;
			sourceTree = "<group>";
		};
		4EF9FA041834C7200055DF04 /* Scan tool */ = {
			isa = PBXGroup;
			children = (
				4EF9FA051834C7200055DF04 /* FLScanTool.h */,
				4EF9FA061834C7200055DF04 /* FLScanTool.m */,
				4EF9FA071834C7200055DF04 /* FLScanTool_Private.h */,
				4EF9FA081834C7200055DF04 /* FLScanToolCommand.h */,
				4EF9FA091834C7200055DF04 /* FLScanToolCommand.m */,
				4EF9FA0A1834C7200055DF04 /* FLScanToolResponse.h */,
				4EF9FA0B1834C7200055DF04 /* FLScanToolResponse.m */,
				4EF9FA0C1834C7200055DF04 /* FLScanToolResponseParser.h */,
				4EF9FA0D1834C7200055DF04 /* FLScanToolResponseParser.m */,
			);
			name = "Scan tool";
			path = "Classes/Scan tool";
			sourceTree = "<group>";
		};
		4EF9FA0E1834C7200055DF04 /* Sensor */ = {
			isa = PBXGroup;
			children = (
				4EF9FA0F1834C7200055DF04 /* FLECUSensor.h */,
				4EF9FA101834C7200055DF04 /* FLECUSensor.m */,
				4EF9FA111834C7200055DF04 /* OBD2Sensors.h */,
			);
			name = Sensor;
			path = Classes/Sensor;
			sourceTree = "<group>";
		};
		4EF9FA121834C7200055DF04 /* WiFi scan tool */ = {
			isa = PBXGroup;
			children = (
				4EF9FA131834C7200055DF04 /* elm327 */,
				4EF9FA1A1834C7200055DF04 /* FLWifiScanTool.h */,
				4EF9FA1B1834C7200055DF04 /* FLWifiScanTool.m */,
			);
			name = "WiFi scan tool";
			path = "Classes/WiFi scan tool";
			sourceTree = "<group>";
		};
		4EF9FA131834C7200055DF04 /* elm327 */ = {
			isa = PBXGroup;
			children = (
				4EF9FA141834C7200055DF04 /* ELM327.h */,
				4EF9FA151834C7200055DF04 /* ELM327.m */,
				4EF9FA161834C7200055DF04 /* ELM327Command.h */,
				4EF9FA171834C7200055DF04 /* ELM327Command.m */,
				4EF9FA181834C7200055DF04 /* ELM327ResponseParser.h */,
				4EF9FA191834C7200055DF04 /* ELM327ResponseParser.m */,
			);
			path = elm327;
			sourceTree = "<group>";
		};
/* End PBXGroup section */

/* Begin PBXHeadersBuildPhase section */
		D2AAC07A0554694100DB518D /* Headers */ = {
			isa = PBXHeadersBuildPhase;
			buildActionMask = 2147483647;
			files = (
				4EF9FA281834C7200055DF04 /* FLScanTool_Private.h in Headers */,
				4EF9FA321834C7200055DF04 /* ELM327.h in Headers */,
				4EF9FA381834C7200055DF04 /* FLWifiScanTool.h in Headers */,
				4EF9FA361834C7200055DF04 /* ELM327ResponseParser.h in Headers */,
				4EF9FA221834C7200055DF04 /* GoLinkCommand.h in Headers */,
				AA747D9F0F9514B9006C5449 /* OBD2Kit_Prefix.pch in Headers */,
				29AB068912F861A90073262E /* FLLogging.h in Headers */,
				29AB075412F865A00073262E /* NSStreamAdditions.h in Headers */,
				4EF9FA261834C7200055DF04 /* FLScanTool.h in Headers */,
				4EF9FA311834C7200055DF04 /* OBD2Sensors.h in Headers */,
				4EF9FA2D1834C7200055DF04 /* FLScanToolResponseParser.h in Headers */,
				4EF9FA201834C7200055DF04 /* GoLink.h in Headers */,
				4EF9FA241834C7200055DF04 /* GoLinkResponseParser.h in Headers */,
				4EF9FA341834C7200055DF04 /* ELM327Command.h in Headers */,
				4EF9FA2B1834C7200055DF04 /* FLScanToolResponse.h in Headers */,
				4EF9FA291834C7200055DF04 /* FLScanToolCommand.h in Headers */,
				4EF9FA1C1834C7200055DF04 /* FLEAController.h in Headers */,
				4EF9FA2F1834C7200055DF04 /* FLECUSensor.h in Headers */,
				4EF9FA1E1834C7200055DF04 /* FLEAScanTool.h in Headers */,
			);
			runOnlyForDeploymentPostprocessing = 0;
		};
/* End PBXHeadersBuildPhase section */

/* Begin PBXNativeTarget section */
		D2AAC07D0554694100DB518D /* OBD2Kit */ = {
			isa = PBXNativeTarget;
			buildConfigurationList = 1DEB921E08733DC00010E9CD /* Build configuration list for PBXNativeTarget "OBD2Kit" */;
			buildPhases = (
				D2AAC07A0554694100DB518D /* Headers */,
				D2AAC07B0554694100DB518D /* Sources */,
				D2AAC07C0554694100DB518D /* Frameworks */,
			);
			buildRules = (
			);
			dependencies = (
			);
			name = OBD2Kit;
			productName = OBD2Kit;
			productReference = D2AAC07E0554694100DB518D /* libOBD2Kit.a */;
			productType = "com.apple.product-type.library.static";
		};
/* End PBXNativeTarget section */

/* Begin PBXProject section */
		0867D690FE84028FC02AAC07 /* Project object */ = {
			isa = PBXProject;
			attributes = {
				LastUpgradeCheck = 0500;
			};
			buildConfigurationList = 1DEB922208733DC00010E9CD /* Build configuration list for PBXProject "OBD2Kit" */;
			compatibilityVersion = "Xcode 3.2";
			developmentRegion = English;
			hasScannedForEncodings = 1;
			knownRegions = (
				English,
				Japanese,
				French,
				German,
			);
			mainGroup = 0867D691FE84028FC02AAC07 /* OBD2Kit */;
			productRefGroup = 034768DFFF38A50411DB9C8B /* Products */;
			projectDirPath = "";
			projectRoot = "";
			targets = (
				D2AAC07D0554694100DB518D /* OBD2Kit */,
			);
		};
/* End PBXProject section */

/* Begin PBXSourcesBuildPhase section */
		D2AAC07B0554694100DB518D /* Sources */ = {
			isa = PBXSourcesBuildPhase;
			buildActionMask = 2147483647;
			files = (
				4EF9FA371834C7200055DF04 /* ELM327ResponseParser.m in Sources */,
				4EF9FA1F1834C7200055DF04 /* FLEAScanTool.m in Sources */,
				4EF9FA301834C7200055DF04 /* FLECUSensor.m in Sources */,
				4EF9FA231834C7200055DF04 /* GoLinkCommand.m in Sources */,
				4EF9FA2E1834C7200055DF04 /* FLScanToolResponseParser.m in Sources */,
				4EF9FA251834C7200055DF04 /* GoLinkResponseParser.m in Sources */,
				4EF9FA1D1834C7200055DF04 /* FLEAController.m in Sources */,
				4EF9FA271834C7200055DF04 /* FLScanTool.m in Sources */,
				4EF9FA211834C7200055DF04 /* GoLink.m in Sources */,
				4EF9FA331834C7200055DF04 /* ELM327.m in Sources */,
				4EF9FA2A1834C7200055DF04 /* FLScanToolCommand.m in Sources */,
				4EF9FA351834C7200055DF04 /* ELM327Command.m in Sources */,
				29AB075512F865A00073262E /* NSStreamAdditions.m in Sources */,
				4EF9FA2C1834C7200055DF04 /* FLScanToolResponse.m in Sources */,
				4EF9FA391834C7200055DF04 /* FLWifiScanTool.m in Sources */,
			);
			runOnlyForDeploymentPostprocessing = 0;
		};
/* End PBXSourcesBuildPhase section */

/* Begin XCBuildConfiguration section */
		1DEB921F08733DC00010E9CD /* Debug */ = {
			isa = XCBuildConfiguration;
			buildSettings = {
				ALWAYS_SEARCH_USER_PATHS = NO;
				COPY_PHASE_STRIP = NO;
				DSTROOT = /tmp/OBD2Kit.dst;
				GCC_DYNAMIC_NO_PIC = NO;
				GCC_ENABLE_FIX_AND_CONTINUE = YES;
				GCC_MODEL_TUNING = G5;
				GCC_OPTIMIZATION_LEVEL = 0;
				GCC_PRECOMPILE_PREFIX_HEADER = YES;
				GCC_PREFIX_HEADER = OBD2Kit_Prefix.pch;
				INSTALL_PATH = /usr/local/lib;
				IPHONEOS_DEPLOYMENT_TARGET = 3.1.3;
				PRODUCT_NAME = OBD2Kit;
			};
			name = Debug;
		};
		1DEB922008733DC00010E9CD /* Release */ = {
			isa = XCBuildConfiguration;
			buildSettings = {
				ALWAYS_SEARCH_USER_PATHS = NO;
				DSTROOT = /tmp/OBD2Kit.dst;
				GCC_MODEL_TUNING = G5;
				GCC_PRECOMPILE_PREFIX_HEADER = YES;
				GCC_PREFIX_HEADER = OBD2Kit_Prefix.pch;
				INSTALL_PATH = /usr/local/lib;
				IPHONEOS_DEPLOYMENT_TARGET = 3.1.3;
				PRODUCT_NAME = OBD2Kit;
			};
			name = Release;
		};
		1DEB922308733DC00010E9CD /* Debug */ = {
			isa = XCBuildConfiguration;
			buildSettings = {
				GCC_C_LANGUAGE_STANDARD = c99;
				GCC_OPTIMIZATION_LEVEL = 0;
				GCC_WARN_ABOUT_RETURN_TYPE = YES;
				GCC_WARN_UNUSED_VARIABLE = YES;
				ONLY_ACTIVE_ARCH = YES;
				OTHER_LDFLAGS = "-ObjC";
				PREBINDING = NO;
				SDKROOT = iphoneos;
			};
			name = Debug;
		};
		1DEB922408733DC00010E9CD /* Release */ = {
			isa = XCBuildConfiguration;
			buildSettings = {
				GCC_C_LANGUAGE_STANDARD = c99;
				GCC_WARN_ABOUT_RETURN_TYPE = YES;
				GCC_WARN_UNUSED_VARIABLE = YES;
				OTHER_LDFLAGS = "-ObjC";
				PREBINDING = NO;
				SDKROOT = iphoneos;
			};
			name = Release;
		};
/* End XCBuildConfiguration section */

/* Begin XCConfigurationList section */
		1DEB921E08733DC00010E9CD /* Build configuration list for PBXNativeTarget "OBD2Kit" */ = {
			isa = XCConfigurationList;
			buildConfigurations = (
				1DEB921F08733DC00010E9CD /* Debug */,
				1DEB922008733DC00010E9CD /* Release */,
			);
			defaultConfigurationIsVisible = 0;
			defaultConfigurationName = Release;
		};
		1DEB922208733DC00010E9CD /* Build configuration list for PBXProject "OBD2Kit" */ = {
			isa = XCConfigurationList;
			buildConfigurations = (
				1DEB922308733DC00010E9CD /* Debug */,
				1DEB922408733DC00010E9CD /* Release */,
			);
			defaultConfigurationIsVisible = 0;
			defaultConfigurationName = Release;
		};
/* End XCConfigurationList section */
	};
	rootObject = 0867D690FE84028FC02AAC07 /* Project object */;
}
